
Microsoft Visual Studio Solution File, Format Version 12.00
Project("{2150E333-8FDC-42A3-9474-1A3956D46DE8}") = "src", "src", "{552C8B25-D99F-4FB3-B9EE-0373101DBBB0}"
EndProject
Project("{2150E333-8FDC-42A3-9474-1A3956D46DE8}") = "Core", "Core", "{D6FAC8D5-381C-48FA-9AB0-97FF391DACD1}"
EndProject
Project("{FAE04EC0-301F-11D3-BF4B-00C04F79EFBC}") = "HrManagement.Application", "HrManagement.Application\HrManagement.Application.csproj", "{D6DFB6E6-1165-4C6C-9835-BFA99BD0B818}"
EndProject
Project("{FAE04EC0-301F-11D3-BF4B-00C04F79EFBC}") = "HrManagement.Domain", "HrManagement.Domain\HrManagement.Domain.csproj", "{9A1CDCA6-838A-47DB-8016-380A28F21DE5}"
EndProject
Project("{2150E333-8FDC-42A3-9474-1A3956D46DE8}") = "Infrastructure", "Infrastructure", "{FE021899-0971-48CA-929D-062AD18E1AD4}"
EndProject
Project("{FAE04EC0-301F-11D3-BF4B-00C04F79EFBC}") = "HrManagement.Persistence", "HrManagement.Persistence\HrManagement.Persistence.csproj", "{09B7B326-4BA2-425A-BC0D-FEE7605BC58D}"
EndProject
Project("{FAE04EC0-301F-11D3-BF4B-00C04F79EFBC}") = "HrManagement.Infrastructure", "HrManagement.Infrastructure\HrManagement.Infrastructure.csproj", "{9622E3C1-CEC1-45ED-BBD4-49CAC8E6A113}"
EndProject
Project("{2150E333-8FDC-42A3-9474-1A3956D46DE8}") = "Presentation", "Presentation", "{E6DF838A-57D5-4B03-A75D-E0B5FBD2CB3C}"
EndProject
Project("{FAE04EC0-301F-11D3-BF4B-00C04F79EFBC}") = "HrManagement.Api", "HrManagement.Api\HrManagement.Api.csproj", "{5B157C79-7972-4D02-B159-100594A19930}"
EndProject
Project("{2150E333-8FDC-42A3-9474-1A3956D46DE8}") = "Test", "Test", "{32384F9C-3E1C-47F3-8539-322549FE4FE8}"
EndProject
Project("{FAE04EC0-301F-11D3-BF4B-00C04F79EFBC}") = "HManagement.UnitTest", "Test\HManagement.UnitTest\HManagement.UnitTest.csproj", "{D2E05C90-3A4D-4FBD-880B-26CBA0FF09F0}"
EndProject
Global
	GlobalSection(SolutionConfigurationPlatforms) = preSolution
		Debug|Any CPU = Debug|Any CPU
		Release|Any CPU = Release|Any CPU
	EndGlobalSection
	GlobalSection(NestedProjects) = preSolution
		{D6FAC8D5-381C-48FA-9AB0-97FF391DACD1} = {552C8B25-D99F-4FB3-B9EE-0373101DBBB0}
		{D6DFB6E6-1165-4C6C-9835-BFA99BD0B818} = {D6FAC8D5-381C-48FA-9AB0-97FF391DACD1}
		{9A1CDCA6-838A-47DB-8016-380A28F21DE5} = {D6FAC8D5-381C-48FA-9AB0-97FF391DACD1}
		{FE021899-0971-48CA-929D-062AD18E1AD4} = {552C8B25-D99F-4FB3-B9EE-0373101DBBB0}
		{09B7B326-4BA2-425A-BC0D-FEE7605BC58D} = {FE021899-0971-48CA-929D-062AD18E1AD4}
		{9622E3C1-CEC1-45ED-BBD4-49CAC8E6A113} = {FE021899-0971-48CA-929D-062AD18E1AD4}
		{E6DF838A-57D5-4B03-A75D-E0B5FBD2CB3C} = {552C8B25-D99F-4FB3-B9EE-0373101DBBB0}
		{5B157C79-7972-4D02-B159-100594A19930} = {E6DF838A-57D5-4B03-A75D-E0B5FBD2CB3C}
		{D2E05C90-3A4D-4FBD-880B-26CBA0FF09F0} = {32384F9C-3E1C-47F3-8539-322549FE4FE8}
	EndGlobalSection
	GlobalSection(ProjectConfigurationPlatforms) = postSolution
		{D6DFB6E6-1165-4C6C-9835-BFA99BD0B818}.Debug|Any CPU.ActiveCfg = Debug|Any CPU
		{D6DFB6E6-1165-4C6C-9835-BFA99BD0B818}.Debug|Any CPU.Build.0 = Debug|Any CPU
		{D6DFB6E6-1165-4C6C-9835-BFA99BD0B818}.Release|Any CPU.ActiveCfg = Release|Any CPU
		{D6DFB6E6-1165-4C6C-9835-BFA99BD0B818}.Release|Any CPU.Build.0 = Release|Any CPU
		{9A1CDCA6-838A-47DB-8016-380A28F21DE5}.Debug|Any CPU.ActiveCfg = Debug|Any CPU
		{9A1CDCA6-838A-47DB-8016-380A28F21DE5}.Debug|Any CPU.Build.0 = Debug|Any CPU
		{9A1CDCA6-838A-47DB-8016-380A28F21DE5}.Release|Any CPU.ActiveCfg = Release|Any CPU
		{9A1CDCA6-838A-47DB-8016-380A28F21DE5}.Release|Any CPU.Build.0 = Release|Any CPU
		{09B7B326-4BA2-425A-BC0D-FEE7605BC58D}.Debug|Any CPU.ActiveCfg = Debug|Any CPU
		{09B7B326-4BA2-425A-BC0D-FEE7605BC58D}.Debug|Any CPU.Build.0 = Debug|Any CPU
		{09B7B326-4BA2-425A-BC0D-FEE7605BC58D}.Release|Any CPU.ActiveCfg = Release|Any CPU
		{09B7B326-4BA2-425A-BC0D-FEE7605BC58D}.Release|Any CPU.Build.0 = Release|Any CPU
		{9622E3C1-CEC1-45ED-BBD4-49CAC8E6A113}.Debug|Any CPU.ActiveCfg = Debug|Any CPU
		{9622E3C1-CEC1-45ED-BBD4-49CAC8E6A113}.Debug|Any CPU.Build.0 = Debug|Any CPU
		{9622E3C1-CEC1-45ED-BBD4-49CAC8E6A113}.Release|Any CPU.ActiveCfg = Release|Any CPU
		{9622E3C1-CEC1-45ED-BBD4-49CAC8E6A113}.Release|Any CPU.Build.0 = Release|Any CPU
		{5B157C79-7972-4D02-B159-100594A19930}.Debug|Any CPU.ActiveCfg = Debug|Any CPU
		{5B157C79-7972-4D02-B159-100594A19930}.Debug|Any CPU.Build.0 = Debug|Any CPU
		{5B157C79-7972-4D02-B159-100594A19930}.Release|Any CPU.ActiveCfg = Release|Any CPU
		{5B157C79-7972-4D02-B159-100594A19930}.Release|Any CPU.Build.0 = Release|Any CPU
		{D2E05C90-3A4D-4FBD-880B-26CBA0FF09F0}.Debug|Any CPU.ActiveCfg = Debug|Any CPU
		{D2E05C90-3A4D-4FBD-880B-26CBA0FF09F0}.Debug|Any CPU.Build.0 = Debug|Any CPU
		{D2E05C90-3A4D-4FBD-880B-26CBA0FF09F0}.Release|Any CPU.ActiveCfg = Release|Any CPU
		{D2E05C90-3A4D-4FBD-880B-26CBA0FF09F0}.Release|Any CPU.Build.0 = Release|Any CPU
	EndGlobalSection
EndGlobal
